// !$*UTF8*$!
{
	archiveVersion = 1;
	classes = {
	};
	objectVersion = 55;
	objects = {

/* Begin PBXBuildFile section */
		2402C2E12DDD43186553AAF8 /* Pods_chatting.framework in Frameworks */ = {isa = PBXBuildFile; fileRef = 1D719B3D1B60C71D3E1DC596 /* Pods_chatting.framework */; };
		703B3CE1289E14A300F2CE1D /* AppDelegate.swift in Sources */ = {isa = PBXBuildFile; fileRef = 703B3CE0289E14A300F2CE1D /* AppDelegate.swift */; };
		703B3CE3289E14A300F2CE1D /* SceneDelegate.swift in Sources */ = {isa = PBXBuildFile; fileRef = 703B3CE2289E14A300F2CE1D /* SceneDelegate.swift */; };
		703B3CE5289E14A300F2CE1D /* ViewController.swift in Sources */ = {isa = PBXBuildFile; fileRef = 703B3CE4289E14A300F2CE1D /* ViewController.swift */; };
		703B3CE8289E14A300F2CE1D /* Main.storyboard in Resources */ = {isa = PBXBuildFile; fileRef = 703B3CE6289E14A300F2CE1D /* Main.storyboard */; };
		703B3CEA289E14A300F2CE1D /* Assets.xcassets in Resources */ = {isa = PBXBuildFile; fileRef = 703B3CE9289E14A300F2CE1D /* Assets.xcassets */; };
		703B3CED289E14A300F2CE1D /* LaunchScreen.storyboard in Resources */ = {isa = PBXBuildFile; fileRef = 703B3CEB289E14A300F2CE1D /* LaunchScreen.storyboard */; };
		703B3CFC289E150900F2CE1D /* ConversationsViewController.swift in Sources */ = {isa = PBXBuildFile; fileRef = 703B3CFB289E150900F2CE1D /* ConversationsViewController.swift */; };
		703B3CFE289E19D900F2CE1D /* Constanats.swift in Sources */ = {isa = PBXBuildFile; fileRef = 703B3CFD289E19D900F2CE1D /* Constanats.swift */; };
		703B3D01289E1C0F00F2CE1D /* LoginViewController.swift in Sources */ = {isa = PBXBuildFile; fileRef = 703B3D00289E1C0F00F2CE1D /* LoginViewController.swift */; };
		703B3D03289E1C1800F2CE1D /* RegistrationViewController.swift in Sources */ = {isa = PBXBuildFile; fileRef = 703B3D02289E1C1800F2CE1D /* RegistrationViewController.swift */; };
		703B3D05289E200600F2CE1D /* extensions.swift in Sources */ = {isa = PBXBuildFile; fileRef = 703B3D04289E200600F2CE1D /* extensions.swift */; };
		7078F29828A20D8500F9267F /* AuthService.swift in Sources */ = {isa = PBXBuildFile; fileRef = 7078F29728A20D8500F9267F /* AuthService.swift */; };
		70A6113F289E541F0068517D /* InputContainerView.swift in Sources */ = {isa = PBXBuildFile; fileRef = 70A6113E289E541F0068517D /* InputContainerView.swift */; };
		70A61141289E57780068517D /* CustomTextFields.swift in Sources */ = {isa = PBXBuildFile; fileRef = 70A61140289E57780068517D /* CustomTextFields.swift */; };
		70D5EA1428A0B1F200907F03 /* LoginViewModel.swift in Sources */ = {isa = PBXBuildFile; fileRef = 70D5EA1328A0B1F200907F03 /* LoginViewModel.swift */; };
		70D5EA1628A0BAE200907F03 /* RegistrationViewModel.swift in Sources */ = {isa = PBXBuildFile; fileRef = 70D5EA1528A0BAE200907F03 /* RegistrationViewModel.swift */; };
		70D5EA1A28A0D0C400907F03 /* GoogleService-Info.plist in Resources */ = {isa = PBXBuildFile; fileRef = 70D5EA1928A0D0C400907F03 /* GoogleService-Info.plist */; };
/* End PBXBuildFile section */

/* Begin PBXFileReference section */
		1D719B3D1B60C71D3E1DC596 /* Pods_chatting.framework */ = {isa = PBXFileReference; explicitFileType = wrapper.framework; includeInIndex = 0; path = Pods_chatting.framework; sourceTree = BUILT_PRODUCTS_DIR; };
		703B3CDD289E14A300F2CE1D /* chatting.app */ = {isa = PBXFileReference; explicitFileType = wrapper.application; includeInIndex = 0; path = chatting.app; sourceTree = BUILT_PRODUCTS_DIR; };
		703B3CE0289E14A300F2CE1D /* AppDelegate.swift */ = {isa = PBXFileReference; lastKnownFileType = sourcecode.swift; path = AppDelegate.swift; sourceTree = "<group>"; };
		703B3CE2289E14A300F2CE1D /* SceneDelegate.swift */ = {isa = PBXFileReference; lastKnownFileType = sourcecode.swift; path = SceneDelegate.swift; sourceTree = "<group>"; };
		703B3CE4289E14A300F2CE1D /* ViewController.swift */ = {isa = PBXFileReference; lastKnownFileType = sourcecode.swift; path = ViewController.swift; sourceTree = "<group>"; };
		703B3CE7289E14A300F2CE1D /* Base */ = {isa = PBXFileReference; lastKnownFileType = file.storyboard; name = Base; path = Base.lproj/Main.storyboard; sourceTree = "<group>"; };
		703B3CE9289E14A300F2CE1D /* Assets.xcassets */ = {isa = PBXFileReference; lastKnownFileType = folder.assetcatalog; path = Assets.xcassets; sourceTree = "<group>"; };
		703B3CEC289E14A300F2CE1D /* Base */ = {isa = PBXFileReference; lastKnownFileType = file.storyboard; name = Base; path = Base.lproj/LaunchScreen.storyboard; sourceTree = "<group>"; };
		703B3CEE289E14A300F2CE1D /* Info.plist */ = {isa = PBXFileReference; lastKnownFileType = text.plist.xml; path = Info.plist; sourceTree = "<group>"; };
		703B3CFB289E150900F2CE1D /* ConversationsViewController.swift */ = {isa = PBXFileReference; lastKnownFileType = sourcecode.swift; path = ConversationsViewController.swift; sourceTree = "<group>"; };
		703B3CFD289E19D900F2CE1D /* Constanats.swift */ = {isa = PBXFileReference; lastKnownFileType = sourcecode.swift; path = Constanats.swift; sourceTree = "<group>"; };
		703B3D00289E1C0F00F2CE1D /* LoginViewController.swift */ = {isa = PBXFileReference; lastKnownFileType = sourcecode.swift; path = LoginViewController.swift; sourceTree = "<group>"; };
		703B3D02289E1C1800F2CE1D /* RegistrationViewController.swift */ = {isa = PBXFileReference; lastKnownFileType = sourcecode.swift; path = RegistrationViewController.swift; sourceTree = "<group>"; };
		703B3D04289E200600F2CE1D /* extensions.swift */ = {isa = PBXFileReference; lastKnownFileType = sourcecode.swift; path = extensions.swift; sourceTree = "<group>"; };
		7078F29728A20D8500F9267F /* AuthService.swift */ = {isa = PBXFileReference; lastKnownFileType = sourcecode.swift; path = AuthService.swift; sourceTree = "<group>"; };
		70A6113E289E541F0068517D /* InputContainerView.swift */ = {isa = PBXFileReference; lastKnownFileType = sourcecode.swift; path = InputContainerView.swift; sourceTree = "<group>"; };
		70A61140289E57780068517D /* CustomTextFields.swift */ = {isa = PBXFileReference; lastKnownFileType = sourcecode.swift; path = CustomTextFields.swift; sourceTree = "<group>"; };
		70D5EA1328A0B1F200907F03 /* LoginViewModel.swift */ = {isa = PBXFileReference; lastKnownFileType = sourcecode.swift; path = LoginViewModel.swift; sourceTree = "<group>"; };
		70D5EA1528A0BAE200907F03 /* RegistrationViewModel.swift */ = {isa = PBXFileReference; lastKnownFileType = sourcecode.swift; path = RegistrationViewModel.swift; sourceTree = "<group>"; };
		70D5EA1928A0D0C400907F03 /* GoogleService-Info.plist */ = {isa = PBXFileReference; lastKnownFileType = text.plist; path = "GoogleService-Info.plist"; sourceTree = SOURCE_ROOT; };
		84C4D71A57401E85EEE8B421 /* Pods-chatting.debug.xcconfig */ = {isa = PBXFileReference; includeInIndex = 1; lastKnownFileType = text.xcconfig; name = "Pods-chatting.debug.xcconfig"; path = "Target Support Files/Pods-chatting/Pods-chatting.debug.xcconfig"; sourceTree = "<group>"; };
		C5E59C4DD6080EF95E3D0934 /* Pods-chatting.release.xcconfig */ = {isa = PBXFileReference; includeInIndex = 1; lastKnownFileType = text.xcconfig; name = "Pods-chatting.release.xcconfig"; path = "Target Support Files/Pods-chatting/Pods-chatting.release.xcconfig"; sourceTree = "<group>"; };
/* End PBXFileReference section */

/* Begin PBXFrameworksBuildPhase section */
		703B3CDA289E14A300F2CE1D /* Frameworks */ = {
			isa = PBXFrameworksBuildPhase;
			buildActionMask = 2147483647;
			files = (
				2402C2E12DDD43186553AAF8 /* Pods_chatting.framework in Frameworks */,
			);
			runOnlyForDeploymentPostprocessing = 0;
		};
/* End PBXFrameworksBuildPhase section */

/* Begin PBXGroup section */
		2942C07A26978F253692E8C4 /* Pods */ = {
			isa = PBXGroup;
			children = (
				84C4D71A57401E85EEE8B421 /* Pods-chatting.debug.xcconfig */,
				C5E59C4DD6080EF95E3D0934 /* Pods-chatting.release.xcconfig */,
			);
			path = Pods;
			sourceTree = "<group>";
		};
		703B3CD4289E14A300F2CE1D = {
			isa = PBXGroup;
			children = (
				703B3CDF289E14A300F2CE1D /* chatting */,
				703B3CDE289E14A300F2CE1D /* Products */,
				2942C07A26978F253692E8C4 /* Pods */,
				DC944CED6DB7BBDABA9D3AD6 /* Frameworks */,
			);
			sourceTree = "<group>";
		};
		703B3CDE289E14A300F2CE1D /* Products */ = {
			isa = PBXGroup;
			children = (
				703B3CDD289E14A300F2CE1D /* chatting.app */,
			);
			name = Products;
			sourceTree = "<group>";
		};
		703B3CDF289E14A300F2CE1D /* chatting */ = {
			isa = PBXGroup;
			children = (
				703B3CE0289E14A300F2CE1D /* AppDelegate.swift */,
				703B3CE2289E14A300F2CE1D /* SceneDelegate.swift */,
				703B3CFA289E14D300F2CE1D /* Utility */,
				703B3CF9289E14C200F2CE1D /* Models */,
				703B3CF8289E14C100F2CE1D /* Views */,
				703B3CF7289E14C000F2CE1D /* ViewModels */,
				703B3CF6289E14BE00F2CE1D /* Controllers */,
				703B3CF4289E14B900F2CE1D /* API */,
				703B3CE4289E14A300F2CE1D /* ViewController.swift */,
				703B3CE6289E14A300F2CE1D /* Main.storyboard */,
				703B3CE9289E14A300F2CE1D /* Assets.xcassets */,
				703B3CEB289E14A300F2CE1D /* LaunchScreen.storyboard */,
				703B3CEE289E14A300F2CE1D /* Info.plist */,
				70D5EA1928A0D0C400907F03 /* GoogleService-Info.plist */,
			);
			path = chatting;
			sourceTree = "<group>";
		};
		703B3CF4289E14B900F2CE1D /* API */ = {
			isa = PBXGroup;
			children = (
				7078F29728A20D8500F9267F /* AuthService.swift */,
			);
			path = API;
			sourceTree = "<group>";
		};
		703B3CF6289E14BE00F2CE1D /* Controllers */ = {
			isa = PBXGroup;
			children = (
				703B3CFF289E1BF100F2CE1D /* Auth */,
				703B3CFB289E150900F2CE1D /* ConversationsViewController.swift */,
			);
			path = Controllers;
			sourceTree = "<group>";
		};
		703B3CF7289E14C000F2CE1D /* ViewModels */ = {
			isa = PBXGroup;
			children = (
				70D5EA1828A0BAF800907F03 /* Auth */,
			);
			path = ViewModels;
			sourceTree = "<group>";
		};
		703B3CF8289E14C100F2CE1D /* Views */ = {
			isa = PBXGroup;
			children = (
				70A6113E289E541F0068517D /* InputContainerView.swift */,
				70A61140289E57780068517D /* CustomTextFields.swift */,
			);
			path = Views;
			sourceTree = "<group>";
		};
		703B3CF9289E14C200F2CE1D /* Models */ = {
			isa = PBXGroup;
			children = (
				703B3CFD289E19D900F2CE1D /* Constanats.swift */,
			);
			path = Models;
			sourceTree = "<group>";
		};
		703B3CFA289E14D300F2CE1D /* Utility */ = {
			isa = PBXGroup;
			children = (
				703B3D04289E200600F2CE1D /* extensions.swift */,
			);
			path = Utility;
			sourceTree = "<group>";
		};
		703B3CFF289E1BF100F2CE1D /* Auth */ = {
			isa = PBXGroup;
			children = (
				703B3D00289E1C0F00F2CE1D /* LoginViewController.swift */,
				703B3D02289E1C1800F2CE1D /* RegistrationViewController.swift */,
			);
			path = Auth;
			sourceTree = "<group>";
		};
		70D5EA1828A0BAF800907F03 /* Auth */ = {
			isa = PBXGroup;
			children = (
				70D5EA1328A0B1F200907F03 /* LoginViewModel.swift */,
				70D5EA1528A0BAE200907F03 /* RegistrationViewModel.swift */,
			);
			path = Auth;
			sourceTree = "<group>";
		};
		DC944CED6DB7BBDABA9D3AD6 /* Frameworks */ = {
			isa = PBXGroup;
			children = (
				1D719B3D1B60C71D3E1DC596 /* Pods_chatting.framework */,
			);
			name = Frameworks;
			sourceTree = "<group>";
		};
/* End PBXGroup section */

/* Begin PBXNativeTarget section */
		703B3CDC289E14A300F2CE1D /* chatting */ = {
			isa = PBXNativeTarget;
			buildConfigurationList = 703B3CF1289E14A300F2CE1D /* Build configuration list for PBXNativeTarget "chatting" */;
			buildPhases = (
				439E8EF8651627B87AA5BF6E /* [CP] Check Pods Manifest.lock */,
				703B3CD9289E14A300F2CE1D /* Sources */,
				703B3CDA289E14A300F2CE1D /* Frameworks */,
				703B3CDB289E14A300F2CE1D /* Resources */,
				E5EF87101763B9002793CD77 /* [CP] Embed Pods Frameworks */,
			);
			buildRules = (
			);
			dependencies = (
			);
			name = chatting;
			productName = chatting;
			productReference = 703B3CDD289E14A300F2CE1D /* chatting.app */;
			productType = "com.apple.product-type.application";
		};
/* End PBXNativeTarget section */

/* Begin PBXProject section */
		703B3CD5289E14A300F2CE1D /* Project object */ = {
			isa = PBXProject;
			attributes = {
				BuildIndependentTargetsInParallel = 1;
				LastSwiftUpdateCheck = 1340;
				LastUpgradeCheck = 1340;
				TargetAttributes = {
					703B3CDC289E14A300F2CE1D = {
						CreatedOnToolsVersion = 13.4.1;
					};
				};
			};
			buildConfigurationList = 703B3CD8289E14A300F2CE1D /* Build configuration list for PBXProject "chatting" */;
			compatibilityVersion = "Xcode 13.0";
			developmentRegion = en;
			hasScannedForEncodings = 0;
			knownRegions = (
				en,
				Base,
			);
			mainGroup = 703B3CD4289E14A300F2CE1D;
			productRefGroup = 703B3CDE289E14A300F2CE1D /* Products */;
			projectDirPath = "";
			projectRoot = "";
			targets = (
				703B3CDC289E14A300F2CE1D /* chatting */,
			);
		};
/* End PBXProject section */

/* Begin PBXResourcesBuildPhase section */
		703B3CDB289E14A300F2CE1D /* Resources */ = {
			isa = PBXResourcesBuildPhase;
			buildActionMask = 2147483647;
			files = (
				703B3CED289E14A300F2CE1D /* LaunchScreen.storyboard in Resources */,
				70D5EA1A28A0D0C400907F03 /* GoogleService-Info.plist in Resources */,
				703B3CEA289E14A300F2CE1D /* Assets.xcassets in Resources */,
				703B3CE8289E14A300F2CE1D /* Main.storyboard in Resources */,
			);
			runOnlyForDeploymentPostprocessing = 0;
		};
/* End PBXResourcesBuildPhase section */

/* Begin PBXShellScriptBuildPhase section */
		439E8EF8651627B87AA5BF6E /* [CP] Check Pods Manifest.lock */ = {
			isa = PBXShellScriptBuildPhase;
			buildActionMask = 2147483647;
			files = (
			);
			inputFileListPaths = (
			);
			inputPaths = (
				"${PODS_PODFILE_DIR_PATH}/Podfile.lock",
				"${PODS_ROOT}/Manifest.lock",
			);
			name = "[CP] Check Pods Manifest.lock";
			outputFileListPaths = (
			);
			outputPaths = (
				"$(DERIVED_FILE_DIR)/Pods-chatting-checkManifestLockResult.txt",
			);
			runOnlyForDeploymentPostprocessing = 0;
			shellPath = /bin/sh;
			shellScript = "diff \"${PODS_PODFILE_DIR_PATH}/Podfile.lock\" \"${PODS_ROOT}/Manifest.lock\" > /dev/null\nif [ $? != 0 ] ; then\n    # print error to STDERR\n    echo \"error: The sandbox is not in sync with the Podfile.lock. Run 'pod install' or update your CocoaPods installation.\" >&2\n    exit 1\nfi\n# This output is used by Xcode 'outputs' to avoid re-running this script phase.\necho \"SUCCESS\" > \"${SCRIPT_OUTPUT_FILE_0}\"\n";
			showEnvVarsInLog = 0;
		};
		E5EF87101763B9002793CD77 /* [CP] Embed Pods Frameworks */ = {
			isa = PBXShellScriptBuildPhase;
			buildActionMask = 2147483647;
			files = (
			);
			inputFileListPaths = (
				"${PODS_ROOT}/Target Support Files/Pods-chatting/Pods-chatting-frameworks-${CONFIGURATION}-input-files.xcfilelist",
			);
			name = "[CP] Embed Pods Frameworks";
			outputFileListPaths = (
				"${PODS_ROOT}/Target Support Files/Pods-chatting/Pods-chatting-frameworks-${CONFIGURATION}-output-files.xcfilelist",
			);
			runOnlyForDeploymentPostprocessing = 0;
			shellPath = /bin/sh;
			shellScript = "\"${PODS_ROOT}/Target Support Files/Pods-chatting/Pods-chatting-frameworks.sh\"\n";
			showEnvVarsInLog = 0;
		};
/* End PBXShellScriptBuildPhase section */

/* Begin PBXSourcesBuildPhase section */
		703B3CD9289E14A300F2CE1D /* Sources */ = {
			isa = PBXSourcesBuildPhase;
			buildActionMask = 2147483647;
			files = (
				703B3D01289E1C0F00F2CE1D /* LoginViewController.swift in Sources */,
				70D5EA1628A0BAE200907F03 /* RegistrationViewModel.swift in Sources */,
				703B3CE5289E14A300F2CE1D /* ViewController.swift in Sources */,
				70D5EA1428A0B1F200907F03 /* LoginViewModel.swift in Sources */,
				703B3CE1289E14A300F2CE1D /* AppDelegate.swift in Sources */,
				703B3D05289E200600F2CE1D /* extensions.swift in Sources */,
				7078F29828A20D8500F9267F /* AuthService.swift in Sources */,
				70A6113F289E541F0068517D /* InputContainerView.swift in Sources */,
				703B3CFE289E19D900F2CE1D /* Constanats.swift in Sources */,
				70A61141289E57780068517D /* CustomTextFields.swift in Sources */,
				703B3D03289E1C1800F2CE1D /* RegistrationViewController.swift in Sources */,
				703B3CE3289E14A300F2CE1D /* SceneDelegate.swift in Sources */,
				703B3CFC289E150900F2CE1D /* ConversationsViewController.swift in Sources */,
			);
			runOnlyForDeploymentPostprocessing = 0;
		};
/* End PBXSourcesBuildPhase section */

/* Begin PBXVariantGroup section */
		703B3CE6289E14A300F2CE1D /* Main.storyboard */ = {
			isa = PBXVariantGroup;
			children = (
				703B3CE7289E14A300F2CE1D /* Base */,
			);
			name = Main.storyboard;
			sourceTree = "<group>";
		};
		703B3CEB289E14A300F2CE1D /* LaunchScreen.storyboard */ = {
			isa = PBXVariantGroup;
			children = (
				703B3CEC289E14A300F2CE1D /* Base */,
			);
			name = LaunchScreen.storyboard;
			sourceTree = "<group>";
		};
/* End PBXVariantGroup section */

/* Begin XCBuildConfiguration section */
		703B3CEF289E14A300F2CE1D /* Debug */ = {
			isa = XCBuildConfiguration;
			buildSettings = {
				ALWAYS_SEARCH_USER_PATHS = NO;
				CLANG_ANALYZER_NONNULL = YES;
				CLANG_ANALYZER_NUMBER_OBJECT_CONVERSION = YES_AGGRESSIVE;
				CLANG_CXX_LANGUAGE_STANDARD = "gnu++17";
				CLANG_ENABLE_MODULES = YES;
				CLANG_ENABLE_OBJC_ARC = YES;
				CLANG_ENABLE_OBJC_WEAK = YES;
				CLANG_WARN_BLOCK_CAPTURE_AUTORELEASING = YES;
				CLANG_WARN_BOOL_CONVERSION = YES;
				CLANG_WARN_COMMA = YES;
				CLANG_WARN_CONSTANT_CONVERSION = YES;
				CLANG_WARN_DEPRECATED_OBJC_IMPLEMENTATIONS = YES;
				CLANG_WARN_DIRECT_OBJC_ISA_USAGE = YES_ERROR;
				CLANG_WARN_DOCUMENTATION_COMMENTS = YES;
				CLANG_WARN_EMPTY_BODY = YES;
				CLANG_WARN_ENUM_CONVERSION = YES;
				CLANG_WARN_INFINITE_RECURSION = YES;
				CLANG_WARN_INT_CONVERSION = YES;
				CLANG_WARN_NON_LITERAL_NULL_CONVERSION = YES;
				CLANG_WARN_OBJC_IMPLICIT_RETAIN_SELF = YES;
				CLANG_WARN_OBJC_LITERAL_CONVERSION = YES;
				CLANG_WARN_OBJC_ROOT_CLASS = YES_ERROR;
				CLANG_WARN_QUOTED_INCLUDE_IN_FRAMEWORK_HEADER = YES;
				CLANG_WARN_RANGE_LOOP_ANALYSIS = YES;
				CLANG_WARN_STRICT_PROTOTYPES = YES;
				CLANG_WARN_SUSPICIOUS_MOVE = YES;
				CLANG_WARN_UNGUARDED_AVAILABILITY = YES_AGGRESSIVE;
				CLANG_WARN_UNREACHABLE_CODE = YES;
				CLANG_WARN__DUPLICATE_METHOD_MATCH = YES;
				COPY_PHASE_STRIP = NO;
				DEBUG_INFORMATION_FORMAT = dwarf;
				ENABLE_STRICT_OBJC_MSGSEND = YES;
				ENABLE_TESTABILITY = YES;
				GCC_C_LANGUAGE_STANDARD = gnu11;
				GCC_DYNAMIC_NO_PIC = NO;
				GCC_NO_COMMON_BLOCKS = YES;
				GCC_OPTIMIZATION_LEVEL = 0;
				GCC_PREPROCESSOR_DEFINITIONS = (
					"DEBUG=1",
					"$(inherited)",
				);
				GCC_WARN_64_TO_32_BIT_CONVERSION = YES;
				GCC_WARN_ABOUT_RETURN_TYPE = YES_ERROR;
				GCC_WARN_UNDECLARED_SELECTOR = YES;
				GCC_WARN_UNINITIALIZED_AUTOS = YES_AGGRESSIVE;
				GCC_WARN_UNUSED_FUNCTION = YES;
				GCC_WARN_UNUSED_VARIABLE = YES;
				IPHONEOS_DEPLOYMENT_TARGET = 15.5;
				MTL_ENABLE_DEBUG_INFO = INCLUDE_SOURCE;
				MTL_FAST_MATH = YES;
				ONLY_ACTIVE_ARCH = YES;
				SDKROOT = iphoneos;
				SWIFT_ACTIVE_COMPILATION_CONDITIONS = DEBUG;
				SWIFT_OPTIMIZATION_LEVEL = "-Onone";
			};
			name = Debug;
		};
		703B3CF0289E14A300F2CE1D /* Release */ = {
			isa = XCBuildConfiguration;
			buildSettings = {
				ALWAYS_SEARCH_USER_PATHS = NO;
				CLANG_ANALYZER_NONNULL = YES;
				CLANG_ANALYZER_NUMBER_OBJECT_CONVERSION = YES_AGGRESSIVE;
				CLANG_CXX_LANGUAGE_STANDARD = "gnu++17";
				CLANG_ENABLE_MODULES = YES;
				CLANG_ENABLE_OBJC_ARC = YES;
				CLANG_ENABLE_OBJC_WEAK = YES;
				CLANG_WARN_BLOCK_CAPTURE_AUTORELEASING = YES;
				CLANG_WARN_BOOL_CONVERSION = YES;
				CLANG_WARN_COMMA = YES;
				CLANG_WARN_CONSTANT_CONVERSION = YES;
				CLANG_WARN_DEPRECATED_OBJC_IMPLEMENTATIONS = YES;
				CLANG_WARN_DIRECT_OBJC_ISA_USAGE = YES_ERROR;
				CLANG_WARN_DOCUMENTATION_COMMENTS = YES;
				CLANG_WARN_EMPTY_BODY = YES;
				CLANG_WARN_ENUM_CONVERSION = YES;
				CLANG_WARN_INFINITE_RECURSION = YES;
				CLANG_WARN_INT_CONVERSION = YES;
				CLANG_WARN_NON_LITERAL_NULL_CONVERSION = YES;
				CLANG_WARN_OBJC_IMPLICIT_RETAIN_SELF = YES;
				CLANG_WARN_OBJC_LITERAL_CONVERSION = YES;
				CLANG_WARN_OBJC_ROOT_CLASS = YES_ERROR;
				CLANG_WARN_QUOTED_INCLUDE_IN_FRAMEWORK_HEADER = YES;
				CLANG_WARN_RANGE_LOOP_ANALYSIS = YES;
				CLANG_WARN_STRICT_PROTOTYPES = YES;
				CLANG_WARN_SUSPICIOUS_MOVE = YES;
				CLANG_WARN_UNGUARDED_AVAILABILITY = YES_AGGRESSIVE;
				CLANG_WARN_UNREACHABLE_CODE = YES;
				CLANG_WARN__DUPLICATE_METHOD_MATCH = YES;
				COPY_PHASE_STRIP = NO;
				DEBUG_INFORMATION_FORMAT = "dwarf-with-dsym";
				ENABLE_NS_ASSERTIONS = NO;
				ENABLE_STRICT_OBJC_MSGSEND = YES;
				GCC_C_LANGUAGE_STANDARD = gnu11;
				GCC_NO_COMMON_BLOCKS = YES;
				GCC_WARN_64_TO_32_BIT_CONVERSION = YES;
				GCC_WARN_ABOUT_RETURN_TYPE = YES_ERROR;
				GCC_WARN_UNDECLARED_SELECTOR = YES;
				GCC_WARN_UNINITIALIZED_AUTOS = YES_AGGRESSIVE;
				GCC_WARN_UNUSED_FUNCTION = YES;
				GCC_WARN_UNUSED_VARIABLE = YES;
				IPHONEOS_DEPLOYMENT_TARGET = 15.5;
				MTL_ENABLE_DEBUG_INFO = NO;
				MTL_FAST_MATH = YES;
				SDKROOT = iphoneos;
				SWIFT_COMPILATION_MODE = wholemodule;
				SWIFT_OPTIMIZATION_LEVEL = "-O";
				VALIDATE_PRODUCT = YES;
			};
			name = Release;
		};
		703B3CF2289E14A300F2CE1D /* Debug */ = {
			isa = XCBuildConfiguration;
			baseConfigurationReference = 84C4D71A57401E85EEE8B421 /* Pods-chatting.debug.xcconfig */;
			buildSettings = {
				ASSETCATALOG_COMPILER_APPICON_NAME = AppIcon;
				ASSETCATALOG_COMPILER_GLOBAL_ACCENT_COLOR_NAME = AccentColor;
				CODE_SIGN_STYLE = Automatic;
				CURRENT_PROJECT_VERSION = 1;
				DEVELOPMENT_TEAM = 67M6ZS7KS6;
				GENERATE_INFOPLIST_FILE = YES;
				INFOPLIST_FILE = chatting/Info.plist;
				INFOPLIST_KEY_UIApplicationSupportsIndirectInputEvents = YES;
				INFOPLIST_KEY_UILaunchStoryboardName = LaunchScreen;
				INFOPLIST_KEY_UIMainStoryboardFile = Main;
				INFOPLIST_KEY_UISupportedInterfaceOrientations_iPad = "UIInterfaceOrientationPortrait UIInterfaceOrientationPortraitUpsideDown UIInterfaceOrientationLandscapeLeft UIInterfaceOrientationLandscapeRight";
				INFOPLIST_KEY_UISupportedInterfaceOrientations_iPhone = "UIInterfaceOrientationPortrait UIInterfaceOrientationLandscapeLeft UIInterfaceOrientationLandscapeRight";
				IPHONEOS_DEPLOYMENT_TARGET = 13.0;
				LD_RUNPATH_SEARCH_PATHS = (
					"$(inherited)",
					"@executable_path/Frameworks",
				);
				MARKETING_VERSION = 1.0;
				PRODUCT_BUNDLE_IDENTIFIER = Valse.chatting;
				PRODUCT_NAME = "$(TARGET_NAME)";
				SWIFT_EMIT_LOC_STRINGS = YES;
				SWIFT_VERSION = 5.0;
				TARGETED_DEVICE_FAMILY = 1;
			};
			name = Debug;
		};
		703B3CF3289E14A300F2CE1D /* Release */ = {
			isa = XCBuildConfiguration;
			baseConfigurationReference = C5E59C4DD6080EF95E3D0934 /* Pods-chatting.release.xcconfig */;
			buildSettings = {
				ASSETCATALOG_COMPILER_APPICON_NAME = AppIcon;
				ASSETCATALOG_COMPILER_GLOBAL_ACCENT_COLOR_NAME = AccentColor;
				CODE_SIGN_STYLE = Automatic;
				CURRENT_PROJECT_VERSION = 1;
				DEVELOPMENT_TEAM = 67M6ZS7KS6;
				GENERATE_INFOPLIST_FILE = YES;
				INFOPLIST_FILE = chatting/Info.plist;
				INFOPLIST_KEY_UIApplicationSupportsIndirectInputEvents = YES;
				INFOPLIST_KEY_UILaunchStoryboardName = LaunchScreen;
				INFOPLIST_KEY_UIMainStoryboardFile = Main;
				INFOPLIST_KEY_UISupportedInterfaceOrientations_iPad = "UIInterfaceOrientationPortrait UIInterfaceOrientationPortraitUpsideDown UIInterfaceOrientationLandscapeLeft UIInterfaceOrientationLandscapeRight";
				INFOPLIST_KEY_UISupportedInterfaceOrientations_iPhone = "UIInterfaceOrientationPortrait UIInterfaceOrientationLandscapeLeft UIInterfaceOrientationLandscapeRight";
				IPHONEOS_DEPLOYMENT_TARGET = 13.0;
				LD_RUNPATH_SEARCH_PATHS = (
					"$(inherited)",
					"@executable_path/Frameworks",
				);
				MARKETING_VERSION = 1.0;
				PRODUCT_BUNDLE_IDENTIFIER = Valse.chatting;
				PRODUCT_NAME = "$(TARGET_NAME)";
				SWIFT_EMIT_LOC_STRINGS = YES;
				SWIFT_VERSION = 5.0;
				TARGETED_DEVICE_FAMILY = 1;
			};
			name = Release;
		};
/* End XCBuildConfiguration section */

/* Begin XCConfigurationList section */
		703B3CD8289E14A300F2CE1D /* Build configuration list for PBXProject "chatting" */ = {
			isa = XCConfigurationList;
			buildConfigurations = (
				703B3CEF289E14A300F2CE1D /* Debug */,
				703B3CF0289E14A300F2CE1D /* Release */,
			);
			defaultConfigurationIsVisible = 0;
			defaultConfigurationName = Release;
		};
		703B3CF1289E14A300F2CE1D /* Build configuration list for PBXNativeTarget "chatting" */ = {
			isa = XCConfigurationList;
			buildConfigurations = (
				703B3CF2289E14A300F2CE1D /* Debug */,
				703B3CF3289E14A300F2CE1D /* Release */,
			);
			defaultConfigurationIsVisible = 0;
			defaultConfigurationName = Release;
		};
/* End XCConfigurationList section */
	};
	rootObject = 703B3CD5289E14A300F2CE1D /* Project object */;
}
